
Microsoft Visual Studio Solution File, Format Version 12.00
# Visual Studio Version 17
VisualStudioVersion = 17.1.32319.34
MinimumVisualStudioVersion = 10.0.40219.1
Project("{9A19103F-16F7-4668-BE54-9A1E7A4F7556}") = "OR_3_Projekt_Zrownoleglenie_alg_genetycznego", "OR_3_Projekt_Zrownoleglenie_alg_genetycznego\OR_3_Projekt_Zrownoleglenie_alg_genetycznego.csproj", "{5A72098C-AAF2-4605-A21C-280F3BB64FD3}"
EndProject
Project("{FAE04EC0-301F-11D3-BF4B-00C04F79EFBC}") = "OR_3_Projekt_Zrownoleglenie_alg_genetycznego_wersja_async", "..\OR_3_Projekt_Zrownoleglenie_alg_genetycznego_wersja_async\OR_3_Projekt_Zrownoleglenie_alg_genetycznego_wersja_async.csproj", "{03516032-98C8-4F01-9593-CAF17B6A284E}"
EndProject
Global
	GlobalSection(SolutionConfigurationPlatforms) = preSolution
		Debug|Any CPU = Debug|Any CPU
		Release|Any CPU = Release|Any CPU
	EndGlobalSection
	GlobalSection(ProjectConfigurationPlatforms) = postSolution
		{5A72098C-AAF2-4605-A21C-280F3BB64FD3}.Debug|Any CPU.ActiveCfg = Debug|Any CPU
		{5A72098C-AAF2-4605-A21C-280F3BB64FD3}.Debug|Any CPU.Build.0 = Debug|Any CPU
		{5A72098C-AAF2-4605-A21C-280F3BB64FD3}.Release|Any CPU.ActiveCfg = Release|Any CPU
		{5A72098C-AAF2-4605-A21C-280F3BB64FD3}.Release|Any CPU.Build.0 = Release|Any CPU
		{03516032-98C8-4F01-9593-CAF17B6A284E}.Debug|Any CPU.ActiveCfg = Debug|Any CPU
		{03516032-98C8-4F01-9593-CAF17B6A284E}.Debug|Any CPU.Build.0 = Debug|Any CPU
		{03516032-98C8-4F01-9593-CAF17B6A284E}.Release|Any CPU.ActiveCfg = Release|Any CPU
		{03516032-98C8-4F01-9593-CAF17B6A284E}.Release|Any CPU.Build.0 = Release|Any CPU
	EndGlobalSection
	GlobalSection(SolutionProperties) = preSolution
		HideSolutionNode = FALSE
	EndGlobalSection
	GlobalSection(ExtensibilityGlobals) = postSolution
		SolutionGuid = {C3D7E896-4A10-492A-B56C-EBA75607A13A}
	EndGlobalSection
EndGlobal
